
Microsoft Visual Studio Solution File, Format Version 12.00
Project("{FAE04EC0-301F-11D3-BF4B-00C04F79EFBC}") = "ExamC#", "ExamC#\ExamC#.csproj", "{CBB9E653-7FF6-4080-8F4D-344A5641E3A6}"
EndProject
Global
	GlobalSection(SolutionConfigurationPlatforms) = preSolution
		Debug|Any CPU = Debug|Any CPU
		Release|Any CPU = Release|Any CPU
	EndGlobalSection
	GlobalSection(ProjectConfigurationPlatforms) = postSolution
		{CBB9E653-7FF6-4080-8F4D-344A5641E3A6}.Debug|Any CPU.ActiveCfg = Debug|Any CPU
		{CBB9E653-7FF6-4080-8F4D-344A5641E3A6}.Debug|Any CPU.Build.0 = Debug|Any CPU
		{CBB9E653-7FF6-4080-8F4D-344A5641E3A6}.Release|Any CPU.ActiveCfg = Release|Any CPU
		{CBB9E653-7FF6-4080-8F4D-344A5641E3A6}.Release|Any CPU.Build.0 = Release|Any CPU
	EndGlobalSection
EndGlobal
